
Microsoft Visual Studio Solution File, Format Version 12.00
# Visual Studio Version 16
VisualStudioVersion = 16.0.31515.178
MinimumVisualStudioVersion = 10.0.40219.1
Project("{9A19103F-16F7-4668-BE54-9A1E7A4F7556}") = "Test_Web_API", "Test_Web_API.csproj", "{FCB216C7-D4C4-4D7A-893F-CDFB3B7AB22E}"
EndProject
Project("{FAE04EC0-301F-11D3-BF4B-00C04F79EFBC}") = "ConsoleApp", "..\ConsoleApp\ConsoleApp.csproj", "{6D1652A8-C308-4C51-A8CF-335F4C88D5D9}"
EndProject
Global
	GlobalSection(SolutionConfigurationPlatforms) = preSolution
		Debug|Any CPU = Debug|Any CPU
		Release|Any CPU = Release|Any CPU
	EndGlobalSection
	GlobalSection(ProjectConfigurationPlatforms) = postSolution
		{FCB216C7-D4C4-4D7A-893F-CDFB3B7AB22E}.Debug|Any CPU.ActiveCfg = Debug|Any CPU
		{FCB216C7-D4C4-4D7A-893F-CDFB3B7AB22E}.Debug|Any CPU.Build.0 = Debug|Any CPU
		{FCB216C7-D4C4-4D7A-893F-CDFB3B7AB22E}.Release|Any CPU.ActiveCfg = Release|Any CPU
		{FCB216C7-D4C4-4D7A-893F-CDFB3B7AB22E}.Release|Any CPU.Build.0 = Release|Any CPU
		{6D1652A8-C308-4C51-A8CF-335F4C88D5D9}.Debug|Any CPU.ActiveCfg = Debug|Any CPU
		{6D1652A8-C308-4C51-A8CF-335F4C88D5D9}.Debug|Any CPU.Build.0 = Debug|Any CPU
		{6D1652A8-C308-4C51-A8CF-335F4C88D5D9}.Release|Any CPU.ActiveCfg = Release|Any CPU
		{6D1652A8-C308-4C51-A8CF-335F4C88D5D9}.Release|Any CPU.Build.0 = Release|Any CPU
	EndGlobalSection
	GlobalSection(SolutionProperties) = preSolution
		HideSolutionNode = FALSE
	EndGlobalSection
	GlobalSection(ExtensibilityGlobals) = postSolution
		SolutionGuid = {79AF1425-DC6E-45A5-BBA9-9538506C4CF2}
	EndGlobalSection
EndGlobal
